<?xml version="1.0" encoding="UTF-8"?>
<Project ToolsVersion="12.0" xmlns="http://schemas.microsoft.com/developer/msbuild/2003">
  <ItemGroup>
    <ClCompile Include="C:\ProgramData\NVIDIA Corporation\OptiX SDK 3.7.0\SDK\sutil\rply-1.01\rply.c">
      <Filter>Source Files</Filter>
    </ClCompile>
    <ClCompile Include="C:\ProgramData\NVIDIA Corporation\OptiX SDK 3.7.0\SDK\sutil\DeviceMemoryLogger.cpp">
      <Filter>Source Files</Filter>
    </ClCompile>
    <ClCompile Include="C:\ProgramData\NVIDIA Corporation\OptiX SDK 3.7.0\SDK\sutil\GLUTDisplay.cpp">
      <Filter>Source Files</Filter>
    </ClCompile>
    <ClCompile Include="C:\ProgramData\NVIDIA Corporation\OptiX SDK 3.7.0\SDK\sutil\glm.cpp">
      <Filter>Source Files</Filter>
    </ClCompile>
    <ClCompile Include="C:\ProgramData\NVIDIA Corporation\OptiX SDK 3.7.0\SDK\sutil\HDRLoader.cpp">
      <Filter>Source Files</Filter>
    </ClCompile>
    <ClCompile Include="C:\ProgramData\NVIDIA Corporation\OptiX SDK 3.7.0\SDK\sutil\HostMesh.cpp">
      <Filter>Source Files</Filter>
    </ClCompile>
    <ClCompile Include="C:\ProgramData\NVIDIA Corporation\OptiX SDK 3.7.0\SDK\sutil\HostMeshImpl.cpp">
      <Filter>Source Files</Filter>
    </ClCompile>
    <ClCompile Include="C:\ProgramData\NVIDIA Corporation\OptiX SDK 3.7.0\SDK\sutil\ImageDisplay.cpp">
      <Filter>Source Files</Filter>
    </ClCompile>
    <ClCompile Include="C:\ProgramData\NVIDIA Corporation\OptiX SDK 3.7.0\SDK\sutil\ImageLoader.cpp">
      <Filter>Source Files</Filter>
    </ClCompile>
    <ClCompile Include="C:\ProgramData\NVIDIA Corporation\OptiX SDK 3.7.0\SDK\sutil\MeshBase.cpp">
      <Filter>Source Files</Filter>
    </ClCompile>
    <ClCompile Include="C:\ProgramData\NVIDIA Corporation\OptiX SDK 3.7.0\SDK\sutil\MeshScene.cpp">
      <Filter>Source Files</Filter>
    </ClCompile>
    <ClCompile Include="C:\ProgramData\NVIDIA Corporation\OptiX SDK 3.7.0\SDK\sutil\Mouse.cpp">
      <Filter>Source Files</Filter>
    </ClCompile>
    <ClCompile Include="C:\ProgramData\NVIDIA Corporation\OptiX SDK 3.7.0\SDK\sutil\OptixMesh.cpp">
      <Filter>Source Files</Filter>
    </ClCompile>
    <ClCompile Include="C:\ProgramData\NVIDIA Corporation\OptiX SDK 3.7.0\SDK\sutil\OptixMeshImpl.cpp">
      <Filter>Source Files</Filter>
    </ClCompile>
    <ClCompile Include="C:\ProgramData\NVIDIA Corporation\OptiX SDK 3.7.0\SDK\sutil\PPMLoader.cpp">
      <Filter>Source Files</Filter>
    </ClCompile>
    <ClCompile Include="C:\ProgramData\NVIDIA Corporation\OptiX SDK 3.7.0\SDK\sutil\SampleScene.cpp">
      <Filter>Source Files</Filter>
    </ClCompile>
    <ClCompile Include="C:\ProgramData\NVIDIA Corporation\OptiX SDK 3.7.0\SDK\sutil\SunSky.cpp">
      <Filter>Source Files</Filter>
    </ClCompile>
    <ClCompile Include="C:\ProgramData\NVIDIA Corporation\OptiX SDK 3.7.0\SDK\sutil\sutil.c">
      <Filter>Source Files</Filter>
    </ClCompile>
    <ClCompile Include="C:\ProgramData\NVIDIA Corporation\OptiX SDK 3.7.0\SDK\sutil\glew.c">
      <Filter>Source Files</Filter>
    </ClCompile>
  </ItemGroup>
  <ItemGroup>
    <ClInclude Include="C:\ProgramData\NVIDIA Corporation\OptiX SDK 3.7.0\SDK\cuda\commonStructs.h">
      <Filter>Header Files</Filter>
    </ClInclude>
    <ClInclude Include="C:\ProgramData\NVIDIA Corporation\OptiX SDK 3.7.0\SDK\cuda\helpers.h">
      <Filter>Header Files</Filter>
    </ClInclude>
    <ClInclude Include="C:\ProgramData\NVIDIA Corporation\OptiX SDK 3.7.0\SDK\cuda\phong.h">
      <Filter>Header Files</Filter>
    </ClInclude>
    <ClInclude Include="C:\ProgramData\NVIDIA Corporation\OptiX SDK 3.7.0\SDK\cuda\random.h">
      <Filter>Header Files</Filter>
    </ClInclude>
    <ClInclude Include="C:\ProgramData\NVIDIA Corporation\OptiX SDK 3.7.0\SDK\sutil\rply-1.01\rply.h">
      <Filter>Header Files</Filter>
    </ClInclude>
    <ClInclude Include="C:\ProgramData\NVIDIA Corporation\OptiX SDK 3.7.0\SDK\sutil\DeviceMemoryLogger.h">
      <Filter>Header Files</Filter>
    </ClInclude>
    <ClInclude Include="C:\ProgramData\NVIDIA Corporation\OptiX SDK 3.7.0\SDK\sutil\GLUTDisplay.h">
      <Filter>Header Files</Filter>
    </ClInclude>
    <ClInclude Include="C:\ProgramData\NVIDIA Corporation\OptiX SDK 3.7.0\SDK\sutil\glm.h">
      <Filter>Header Files</Filter>
    </ClInclude>
    <ClInclude Include="C:\ProgramData\NVIDIA Corporation\OptiX SDK 3.7.0\SDK\sutil\HDRLoader.h">
      <Filter>Header Files</Filter>
    </ClInclude>
    <ClInclude Include="C:\ProgramData\NVIDIA Corporation\OptiX SDK 3.7.0\SDK\sutil\HostMesh.h">
      <Filter>Header Files</Filter>
    </ClInclude>
    <ClInclude Include="C:\ProgramData\NVIDIA Corporation\OptiX SDK 3.7.0\SDK\sutil\HostMeshImpl.h">
      <Filter>Header Files</Filter>
    </ClInclude>
    <ClInclude Include="C:\ProgramData\NVIDIA Corporation\OptiX SDK 3.7.0\SDK\sutil\ImageDisplay.h">
      <Filter>Header Files</Filter>
    </ClInclude>
    <ClInclude Include="C:\ProgramData\NVIDIA Corporation\OptiX SDK 3.7.0\SDK\sutil\ImageLoader.h">
      <Filter>Header Files</Filter>
    </ClInclude>
    <ClInclude Include="C:\ProgramData\NVIDIA Corporation\OptiX SDK 3.7.0\SDK\sutil\MeshBase.h">
      <Filter>Header Files</Filter>
    </ClInclude>
    <ClInclude Include="C:\ProgramData\NVIDIA Corporation\OptiX SDK 3.7.0\SDK\sutil\MeshException.h">
      <Filter>Header Files</Filter>
    </ClInclude>
    <ClInclude Include="C:\ProgramData\NVIDIA Corporation\OptiX SDK 3.7.0\SDK\sutil\MeshScene.h">
      <Filter>Header Files</Filter>
    </ClInclude>
    <ClInclude Include="C:\ProgramData\NVIDIA Corporation\OptiX SDK 3.7.0\SDK\sutil\Mouse.h">
      <Filter>Header Files</Filter>
    </ClInclude>
    <ClInclude Include="C:\ProgramData\NVIDIA Corporation\OptiX SDK 3.7.0\SDK\sutil\OptixMesh.h">
      <Filter>Header Files</Filter>
    </ClInclude>
    <ClInclude Include="C:\ProgramData\NVIDIA Corporation\OptiX SDK 3.7.0\SDK\sutil\OptixMeshClasses.h">
      <Filter>Header Files</Filter>
    </ClInclude>
    <ClInclude Include="C:\ProgramData\NVIDIA Corporation\OptiX SDK 3.7.0\SDK\sutil\OptixMeshImpl.h">
      <Filter>Header Files</Filter>
    </ClInclude>
    <ClInclude Include="C:\ProgramData\NVIDIA Corporation\OptiX SDK 3.7.0\SDK\sutil\PPMLoader.h">
      <Filter>Header Files</Filter>
    </ClInclude>
    <ClInclude Include="C:\Users\Adrian\Documents\Visual Studio 2013\Projects\OptixSdk\sampleConfig.h">
      <Filter>Header Files</Filter>
    </ClInclude>
    <ClInclude Include="C:\ProgramData\NVIDIA Corporation\OptiX SDK 3.7.0\SDK\sutil\SampleScene.h">
      <Filter>Header Files</Filter>
    </ClInclude>
    <ClInclude Include="C:\ProgramData\NVIDIA Corporation\OptiX SDK 3.7.0\SDK\sutil\SunSky.h">
      <Filter>Header Files</Filter>
    </ClInclude>
    <ClInclude Include="C:\ProgramData\NVIDIA Corporation\OptiX SDK 3.7.0\SDK\sutil\sutil.h">
      <Filter>Header Files</Filter>
    </ClInclude>
    <ClInclude Include="C:\ProgramData\NVIDIA Corporation\OptiX SDK 3.7.0\SDK\sutil\sutilapi.h">
      <Filter>Header Files</Filter>
    </ClInclude>
    <ClInclude Include="C:\ProgramData\NVIDIA Corporation\OptiX SDK 3.7.0\SDK\sutil\GL\glew.h">
      <Filter>Header Files</Filter>
    </ClInclude>
    <ClInclude Include="C:\ProgramData\NVIDIA Corporation\OptiX SDK 3.7.0\SDK\sutil\GL\wglew.h">
      <Filter>Header Files</Filter>
    </ClInclude>
  </ItemGroup>
  <ItemGroup>
    <CustomBuild Include="C:\ProgramData\NVIDIA Corporation\OptiX SDK 3.7.0\SDK\cuda\obj_material.cu" />
    <CustomBuild Include="C:\ProgramData\NVIDIA Corporation\OptiX SDK 3.7.0\SDK\cuda\phong.cu" />
    <CustomBuild Include="C:\ProgramData\NVIDIA Corporation\OptiX SDK 3.7.0\SDK\cuda\triangle_mesh.cu" />
    <CustomBuild Include="C:\ProgramData\NVIDIA Corporation\OptiX SDK 3.7.0\SDK\cuda\triangle_mesh_small.cu" />
    <CustomBuild Include="C:\ProgramData\NVIDIA Corporation\OptiX SDK 3.7.0\SDK\sutil\CMakeLists.txt" />
  </ItemGroup>
  <ItemGroup>
    <None Include="C:\Users\Adrian\Documents\Visual Studio 2013\Projects\OptixSdk\lib\ptx\cuda_compile_ptx_generated_obj_material.cu.ptx" />
    <None Include="C:\Users\Adrian\Documents\Visual Studio 2013\Projects\OptixSdk\lib\ptx\cuda_compile_ptx_generated_phong.cu.ptx" />
    <None Include="C:\Users\Adrian\Documents\Visual Studio 2013\Projects\OptixSdk\lib\ptx\cuda_compile_ptx_generated_triangle_mesh.cu.ptx" />
    <None Include="C:\Users\Adrian\Documents\Visual Studio 2013\Projects\OptixSdk\lib\ptx\cuda_compile_ptx_generated_triangle_mesh_small.cu.ptx" />
  </ItemGroup>
  <ItemGroup>
    <Filter Include="Source Files">
      <UniqueIdentifier>{6076F668-0E2C-410B-89D4-51D0D74D81BC}</UniqueIdentifier>
    </Filter>
    <Filter Include="Header Files">
      <UniqueIdentifier>{CF3178CB-AD5E-4BA6-9768-144FA4FF2BF2}</UniqueIdentifier>
    </Filter>
  </ItemGroup>
</Project>
