<?xml version="1.0" encoding="UTF-8"?>
<Project ToolsVersion="12.0" xmlns="http://schemas.microsoft.com/developer/msbuild/2003">
  <ItemGroup>
    <ClCompile Include="C:\ProgramData\NVIDIA Corporation\OptiX SDK 3.7.0\SDK\materials\materials.cpp">
      <Filter>Source Files</Filter>
    </ClCompile>
  </ItemGroup>
  <ItemGroup>
    <ClInclude Include="C:\ProgramData\NVIDIA Corporation\OptiX SDK 3.7.0\SDK\materials\materials.h">
      <Filter>Header Files</Filter>
    </ClInclude>
    <ClInclude Include="C:\ProgramData\NVIDIA Corporation\OptiX SDK 3.7.0\SDK\materials\commonStructs.h">
      <Filter>Header Files</Filter>
    </ClInclude>
    <ClInclude Include="C:\ProgramData\NVIDIA Corporation\OptiX SDK 3.7.0\SDK\materials\helpers.h">
      <Filter>Header Files</Filter>
    </ClInclude>
    <ClInclude Include="C:\ProgramData\NVIDIA Corporation\OptiX SDK 3.7.0\SDK\materials\phong.h">
      <Filter>Header Files</Filter>
    </ClInclude>
  </ItemGroup>
  <ItemGroup>
    <CustomBuild Include="C:\ProgramData\NVIDIA Corporation\OptiX SDK 3.7.0\SDK\materials\material0.cu">
      <Filter>CUDA Files</Filter>
    </CustomBuild>
    <CustomBuild Include="C:\ProgramData\NVIDIA Corporation\OptiX SDK 3.7.0\SDK\materials\material1.cu">
      <Filter>CUDA Files</Filter>
    </CustomBuild>
    <CustomBuild Include="C:\ProgramData\NVIDIA Corporation\OptiX SDK 3.7.0\SDK\materials\material2.cu">
      <Filter>CUDA Files</Filter>
    </CustomBuild>
    <CustomBuild Include="C:\ProgramData\NVIDIA Corporation\OptiX SDK 3.7.0\SDK\materials\material3.cu">
      <Filter>CUDA Files</Filter>
    </CustomBuild>
    <CustomBuild Include="C:\ProgramData\NVIDIA Corporation\OptiX SDK 3.7.0\SDK\materials\material4.cu">
      <Filter>CUDA Files</Filter>
    </CustomBuild>
    <CustomBuild Include="C:\ProgramData\NVIDIA Corporation\OptiX SDK 3.7.0\SDK\materials\gradientbg.cu">
      <Filter>CUDA Files</Filter>
    </CustomBuild>
    <CustomBuild Include="C:\ProgramData\NVIDIA Corporation\OptiX SDK 3.7.0\SDK\materials\parallelogram.cu">
      <Filter>CUDA Files</Filter>
    </CustomBuild>
    <CustomBuild Include="C:\ProgramData\NVIDIA Corporation\OptiX SDK 3.7.0\SDK\materials\phong.cu">
      <Filter>CUDA Files</Filter>
    </CustomBuild>
    <CustomBuild Include="C:\ProgramData\NVIDIA Corporation\OptiX SDK 3.7.0\SDK\materials\pinhole_camera.cu">
      <Filter>CUDA Files</Filter>
    </CustomBuild>
    <CustomBuild Include="C:\ProgramData\NVIDIA Corporation\OptiX SDK 3.7.0\SDK\materials\sphere.cu">
      <Filter>CUDA Files</Filter>
    </CustomBuild>
    <CustomBuild Include="C:\ProgramData\NVIDIA Corporation\OptiX SDK 3.7.0\SDK\materials\CMakeLists.txt" />
  </ItemGroup>
  <ItemGroup>
    <None Include="C:\Users\Adrian\Documents\Visual Studio 2013\Projects\OptixSdk\lib\ptx\materials_generated_material0.cu.ptx">
      <Filter>PTX Files</Filter>
    </None>
    <None Include="C:\Users\Adrian\Documents\Visual Studio 2013\Projects\OptixSdk\lib\ptx\materials_generated_material1.cu.ptx">
      <Filter>PTX Files</Filter>
    </None>
    <None Include="C:\Users\Adrian\Documents\Visual Studio 2013\Projects\OptixSdk\lib\ptx\materials_generated_material2.cu.ptx">
      <Filter>PTX Files</Filter>
    </None>
    <None Include="C:\Users\Adrian\Documents\Visual Studio 2013\Projects\OptixSdk\lib\ptx\materials_generated_material3.cu.ptx">
      <Filter>PTX Files</Filter>
    </None>
    <None Include="C:\Users\Adrian\Documents\Visual Studio 2013\Projects\OptixSdk\lib\ptx\materials_generated_material4.cu.ptx">
      <Filter>PTX Files</Filter>
    </None>
    <None Include="C:\Users\Adrian\Documents\Visual Studio 2013\Projects\OptixSdk\lib\ptx\materials_generated_gradientbg.cu.ptx">
      <Filter>PTX Files</Filter>
    </None>
    <None Include="C:\Users\Adrian\Documents\Visual Studio 2013\Projects\OptixSdk\lib\ptx\materials_generated_parallelogram.cu.ptx">
      <Filter>PTX Files</Filter>
    </None>
    <None Include="C:\Users\Adrian\Documents\Visual Studio 2013\Projects\OptixSdk\lib\ptx\materials_generated_phong.cu.ptx">
      <Filter>PTX Files</Filter>
    </None>
    <None Include="C:\Users\Adrian\Documents\Visual Studio 2013\Projects\OptixSdk\lib\ptx\materials_generated_pinhole_camera.cu.ptx">
      <Filter>PTX Files</Filter>
    </None>
    <None Include="C:\Users\Adrian\Documents\Visual Studio 2013\Projects\OptixSdk\lib\ptx\materials_generated_sphere.cu.ptx">
      <Filter>PTX Files</Filter>
    </None>
  </ItemGroup>
  <ItemGroup>
    <Filter Include="Source Files">
      <UniqueIdentifier>{6076F668-0E2C-410B-89D4-51D0D74D81BC}</UniqueIdentifier>
    </Filter>
    <Filter Include="Header Files">
      <UniqueIdentifier>{CF3178CB-AD5E-4BA6-9768-144FA4FF2BF2}</UniqueIdentifier>
    </Filter>
    <Filter Include="PTX Files">
      <UniqueIdentifier>{3BD38671-5FCF-4EBB-9975-C2AA2FAA9701}</UniqueIdentifier>
    </Filter>
    <Filter Include="CUDA Files">
      <UniqueIdentifier>{02D9439A-9503-42F6-8D67-B6EB0A597F85}</UniqueIdentifier>
    </Filter>
  </ItemGroup>
</Project>
